
Microsoft Visual Studio Solution File, Format Version 12.00
# Visual Studio Version 16
VisualStudioVersion = 16.0.31613.86
MinimumVisualStudioVersion = 10.0.40219.1
Project("{FAE04EC0-301F-11D3-BF4B-00C04F79EFBC}") = "MyWebAppWithSwagger", "MyWebAppWithSwagger\MyWebAppWithSwagger.csproj", "{1037246C-C008-48D7-B23C-DBD45826D24E}"
EndProject
Global
	GlobalSection(SolutionConfigurationPlatforms) = preSolution
		Debug|Any CPU = Debug|Any CPU
		Release|Any CPU = Release|Any CPU
	EndGlobalSection
	GlobalSection(ProjectConfigurationPlatforms) = postSolution
		{1037246C-C008-48D7-B23C-DBD45826D24E}.Debug|Any CPU.ActiveCfg = Debug|Any CPU
		{1037246C-C008-48D7-B23C-DBD45826D24E}.Debug|Any CPU.Build.0 = Debug|Any CPU
		{1037246C-C008-48D7-B23C-DBD45826D24E}.Release|Any CPU.ActiveCfg = Release|Any CPU
		{1037246C-C008-48D7-B23C-DBD45826D24E}.Release|Any CPU.Build.0 = Release|Any CPU
	EndGlobalSection
	GlobalSection(SolutionProperties) = preSolution
		HideSolutionNode = FALSE
	EndGlobalSection
	GlobalSection(ExtensibilityGlobals) = postSolution
		SolutionGuid = {861C2EA5-9738-4947-B69C-392546CBAC7A}
	EndGlobalSection
EndGlobal
